
Microsoft Visual Studio Solution File, Format Version 12.00
# Visual Studio 15
VisualStudioVersion = 15.0.27004.2009
MinimumVisualStudioVersion = 10.0.40219.1
Project("{FAE04EC0-301F-11D3-BF4B-00C04F79EFBC}") = "ConsoleApp1", "ConsoleApp1\ConsoleApp1.csproj", "{7AE7BAE2-95AC-4B49-857E-176BCB02D43C}"
EndProject
Project("{FAE04EC0-301F-11D3-BF4B-00C04F79EFBC}") = "ConsoleApp2", "ConsoleApp2\ConsoleApp2.csproj", "{51CA85F2-7869-441E-B10E-4BCD814E0DC4}"
EndProject
Project("{FAE04EC0-301F-11D3-BF4B-00C04F79EFBC}") = "ConsoleApp3", "ConsoleApp3\ConsoleApp3.csproj", "{003963E2-7D9D-49F3-AFA4-2A50C41BC961}"
EndProject
Project("{FAE04EC0-301F-11D3-BF4B-00C04F79EFBC}") = "ConsoleApp4", "ConsoleApp4\ConsoleApp4.csproj", "{662682B3-1CE1-4B47-AA8D-0D022FC1CABF}"
EndProject
Global
	GlobalSection(SolutionConfigurationPlatforms) = preSolution
		Debug|Any CPU = Debug|Any CPU
		Release|Any CPU = Release|Any CPU
	EndGlobalSection
	GlobalSection(ProjectConfigurationPlatforms) = postSolution
		{7AE7BAE2-95AC-4B49-857E-176BCB02D43C}.Debug|Any CPU.ActiveCfg = Debug|Any CPU
		{7AE7BAE2-95AC-4B49-857E-176BCB02D43C}.Debug|Any CPU.Build.0 = Debug|Any CPU
		{7AE7BAE2-95AC-4B49-857E-176BCB02D43C}.Release|Any CPU.ActiveCfg = Release|Any CPU
		{7AE7BAE2-95AC-4B49-857E-176BCB02D43C}.Release|Any CPU.Build.0 = Release|Any CPU
		{51CA85F2-7869-441E-B10E-4BCD814E0DC4}.Debug|Any CPU.ActiveCfg = Debug|Any CPU
		{51CA85F2-7869-441E-B10E-4BCD814E0DC4}.Debug|Any CPU.Build.0 = Debug|Any CPU
		{51CA85F2-7869-441E-B10E-4BCD814E0DC4}.Release|Any CPU.ActiveCfg = Release|Any CPU
		{51CA85F2-7869-441E-B10E-4BCD814E0DC4}.Release|Any CPU.Build.0 = Release|Any CPU
		{003963E2-7D9D-49F3-AFA4-2A50C41BC961}.Debug|Any CPU.ActiveCfg = Debug|Any CPU
		{003963E2-7D9D-49F3-AFA4-2A50C41BC961}.Debug|Any CPU.Build.0 = Debug|Any CPU
		{003963E2-7D9D-49F3-AFA4-2A50C41BC961}.Release|Any CPU.ActiveCfg = Release|Any CPU
		{003963E2-7D9D-49F3-AFA4-2A50C41BC961}.Release|Any CPU.Build.0 = Release|Any CPU
		{662682B3-1CE1-4B47-AA8D-0D022FC1CABF}.Debug|Any CPU.ActiveCfg = Debug|Any CPU
		{662682B3-1CE1-4B47-AA8D-0D022FC1CABF}.Debug|Any CPU.Build.0 = Debug|Any CPU
		{662682B3-1CE1-4B47-AA8D-0D022FC1CABF}.Release|Any CPU.ActiveCfg = Release|Any CPU
		{662682B3-1CE1-4B47-AA8D-0D022FC1CABF}.Release|Any CPU.Build.0 = Release|Any CPU
	EndGlobalSection
	GlobalSection(SolutionProperties) = preSolution
		HideSolutionNode = FALSE
	EndGlobalSection
	GlobalSection(ExtensibilityGlobals) = postSolution
		SolutionGuid = {0BA62800-A649-4180-84D9-0C83A891D306}
	EndGlobalSection
EndGlobal
